// !$*UTF8*$!
{
	archiveVersion = 1;
	classes = {
	};
	objectVersion = 46;
	objects = {

/* Begin PBXBuildFile section */
		D110CA3C1C02AB4C0009E656 /* AppDelegate.swift in Sources */ = {isa = PBXBuildFile; fileRef = D110CA3B1C02AB4C0009E656 /* AppDelegate.swift */; };
		D110CA3E1C02AB4C0009E656 /* EditViewController.swift in Sources */ = {isa = PBXBuildFile; fileRef = D110CA3D1C02AB4C0009E656 /* EditViewController.swift */; };
		D110CA411C02AB4C0009E656 /* Main.storyboard in Resources */ = {isa = PBXBuildFile; fileRef = D110CA3F1C02AB4C0009E656 /* Main.storyboard */; };
		D110CA431C02AB4C0009E656 /* Assets.xcassets in Resources */ = {isa = PBXBuildFile; fileRef = D110CA421C02AB4C0009E656 /* Assets.xcassets */; };
		D110CA461C02AB4C0009E656 /* LaunchScreen.storyboard in Resources */ = {isa = PBXBuildFile; fileRef = D110CA441C02AB4C0009E656 /* LaunchScreen.storyboard */; };
		D110CA511C02AB4C0009E656 /* MemeMeTests.swift in Sources */ = {isa = PBXBuildFile; fileRef = D110CA501C02AB4C0009E656 /* MemeMeTests.swift */; };
		D110CA5C1C02AB4C0009E656 /* MemeMeUITests.swift in Sources */ = {isa = PBXBuildFile; fileRef = D110CA5B1C02AB4C0009E656 /* MemeMeUITests.swift */; };
		D110CA6D1C02C7100009E656 /* Meme.swift in Sources */ = {isa = PBXBuildFile; fileRef = D110CA6C1C02C7100009E656 /* Meme.swift */; };
		D14645E01C2E5DD80070251C /* SentMemesTableViewController.swift in Sources */ = {isa = PBXBuildFile; fileRef = D14645DF1C2E5DD80070251C /* SentMemesTableViewController.swift */; };
		D14645E21C2E5E9E0070251C /* SentMemesCollectionViewController.swift in Sources */ = {isa = PBXBuildFile; fileRef = D14645E11C2E5E9E0070251C /* SentMemesCollectionViewController.swift */; };
		D14645E41C2E68050070251C /* MemeTableViewCell.swift in Sources */ = {isa = PBXBuildFile; fileRef = D14645E31C2E68050070251C /* MemeTableViewCell.swift */; };
		D14645E61C2E68150070251C /* MemeCollectionViewCell.swift in Sources */ = {isa = PBXBuildFile; fileRef = D14645E51C2E68150070251C /* MemeCollectionViewCell.swift */; };
/* End PBXBuildFile section */

/* Begin PBXContainerItemProxy section */
		D110CA4D1C02AB4C0009E656 /* PBXContainerItemProxy */ = {
			isa = PBXContainerItemProxy;
			containerPortal = D110CA301C02AB4C0009E656 /* Project object */;
			proxyType = 1;
			remoteGlobalIDString = D110CA371C02AB4C0009E656;
			remoteInfo = MemeMe;
		};
		D110CA581C02AB4C0009E656 /* PBXContainerItemProxy */ = {
			isa = PBXContainerItemProxy;
			containerPortal = D110CA301C02AB4C0009E656 /* Project object */;
			proxyType = 1;
			remoteGlobalIDString = D110CA371C02AB4C0009E656;
			remoteInfo = MemeMe;
		};
/* End PBXContainerItemProxy section */

/* Begin PBXFileReference section */
		D110CA381C02AB4C0009E656 /* MemeMe.app */ = {isa = PBXFileReference; explicitFileType = wrapper.application; includeInIndex = 0; path = MemeMe.app; sourceTree = BUILT_PRODUCTS_DIR; };
		D110CA3B1C02AB4C0009E656 /* AppDelegate.swift */ = {isa = PBXFileReference; lastKnownFileType = sourcecode.swift; path = AppDelegate.swift; sourceTree = "<group>"; };
		D110CA3D1C02AB4C0009E656 /* EditViewController.swift */ = {isa = PBXFileReference; lastKnownFileType = sourcecode.swift; path = EditViewController.swift; sourceTree = "<group>"; };
		D110CA401C02AB4C0009E656 /* Base */ = {isa = PBXFileReference; lastKnownFileType = file.storyboard; name = Base; path = Base.lproj/Main.storyboard; sourceTree = "<group>"; };
		D110CA421C02AB4C0009E656 /* Assets.xcassets */ = {isa = PBXFileReference; lastKnownFileType = folder.assetcatalog; path = Assets.xcassets; sourceTree = "<group>"; };
		D110CA451C02AB4C0009E656 /* Base */ = {isa = PBXFileReference; lastKnownFileType = file.storyboard; name = Base; path = Base.lproj/LaunchScreen.storyboard; sourceTree = "<group>"; };
		D110CA471C02AB4C0009E656 /* Info.plist */ = {isa = PBXFileReference; lastKnownFileType = text.plist.xml; path = Info.plist; sourceTree = "<group>"; };
		D110CA4C1C02AB4C0009E656 /* MemeMeTests.xctest */ = {isa = PBXFileReference; explicitFileType = wrapper.cfbundle; includeInIndex = 0; path = MemeMeTests.xctest; sourceTree = BUILT_PRODUCTS_DIR; };
		D110CA501C02AB4C0009E656 /* MemeMeTests.swift */ = {isa = PBXFileReference; lastKnownFileType = sourcecode.swift; path = MemeMeTests.swift; sourceTree = "<group>"; };
		D110CA521C02AB4C0009E656 /* Info.plist */ = {isa = PBXFileReference; lastKnownFileType = text.plist.xml; path = Info.plist; sourceTree = "<group>"; };
		D110CA571C02AB4C0009E656 /* MemeMeUITests.xctest */ = {isa = PBXFileReference; explicitFileType = wrapper.cfbundle; includeInIndex = 0; path = MemeMeUITests.xctest; sourceTree = BUILT_PRODUCTS_DIR; };
		D110CA5B1C02AB4C0009E656 /* MemeMeUITests.swift */ = {isa = PBXFileReference; lastKnownFileType = sourcecode.swift; path = MemeMeUITests.swift; sourceTree = "<group>"; };
		D110CA5D1C02AB4C0009E656 /* Info.plist */ = {isa = PBXFileReference; lastKnownFileType = text.plist.xml; path = Info.plist; sourceTree = "<group>"; };
		D110CA6C1C02C7100009E656 /* Meme.swift */ = {isa = PBXFileReference; fileEncoding = 4; lastKnownFileType = sourcecode.swift; path = Meme.swift; sourceTree = "<group>"; };
		D14645DF1C2E5DD80070251C /* SentMemesTableViewController.swift */ = {isa = PBXFileReference; fileEncoding = 4; lastKnownFileType = sourcecode.swift; path = SentMemesTableViewController.swift; sourceTree = "<group>"; };
		D14645E11C2E5E9E0070251C /* SentMemesCollectionViewController.swift */ = {isa = PBXFileReference; fileEncoding = 4; lastKnownFileType = sourcecode.swift; path = SentMemesCollectionViewController.swift; sourceTree = "<group>"; };
		D14645E31C2E68050070251C /* MemeTableViewCell.swift */ = {isa = PBXFileReference; fileEncoding = 4; lastKnownFileType = sourcecode.swift; path = MemeTableViewCell.swift; sourceTree = "<group>"; };
		D14645E51C2E68150070251C /* MemeCollectionViewCell.swift */ = {isa = PBXFileReference; fileEncoding = 4; lastKnownFileType = sourcecode.swift; path = MemeCollectionViewCell.swift; sourceTree = "<group>"; };
/* End PBXFileReference section */

/* Begin PBXFrameworksBuildPhase section */
		D110CA351C02AB4C0009E656 /* Frameworks */ = {
			isa = PBXFrameworksBuildPhase;
			buildActionMask = 2147483647;
			files = (
			);
			runOnlyForDeploymentPostprocessing = 0;
		};
		D110CA491C02AB4C0009E656 /* Frameworks */ = {
			isa = PBXFrameworksBuildPhase;
			buildActionMask = 2147483647;
			files = (
			);
			runOnlyForDeploymentPostprocessing = 0;
		};
		D110CA541C02AB4C0009E656 /* Frameworks */ = {
			isa = PBXFrameworksBuildPhase;
			buildActionMask = 2147483647;
			files = (
			);
			runOnlyForDeploymentPostprocessing = 0;
		};
/* End PBXFrameworksBuildPhase section */

/* Begin PBXGroup section */
		D110CA2F1C02AB4C0009E656 = {
			isa = PBXGroup;
			children = (
				D110CA3A1C02AB4C0009E656 /* MemeMe */,
				D110CA4F1C02AB4C0009E656 /* MemeMeTests */,
				D110CA5A1C02AB4C0009E656 /* MemeMeUITests */,
				D110CA391C02AB4C0009E656 /* Products */,
			);
			sourceTree = "<group>";
		};
		D110CA391C02AB4C0009E656 /* Products */ = {
			isa = PBXGroup;
			children = (
				D110CA381C02AB4C0009E656 /* MemeMe.app */,
				D110CA4C1C02AB4C0009E656 /* MemeMeTests.xctest */,
				D110CA571C02AB4C0009E656 /* MemeMeUITests.xctest */,
			);
			name = Products;
			sourceTree = "<group>";
		};
		D110CA3A1C02AB4C0009E656 /* MemeMe */ = {
			isa = PBXGroup;
			children = (
				D110CA3B1C02AB4C0009E656 /* AppDelegate.swift */,
				D110CA6A1C02C6EA0009E656 /* Interface */,
				D110CA691C02C6DF0009E656 /* ViewController */,
				D110CA6B1C02C6FC0009E656 /* Models */,
				D110CA471C02AB4C0009E656 /* Info.plist */,
			);
			path = MemeMe;
			sourceTree = "<group>";
		};
		D110CA4F1C02AB4C0009E656 /* MemeMeTests */ = {
			isa = PBXGroup;
			children = (
				D110CA501C02AB4C0009E656 /* MemeMeTests.swift */,
				D110CA521C02AB4C0009E656 /* Info.plist */,
			);
			path = MemeMeTests;
			sourceTree = "<group>";
		};
		D110CA5A1C02AB4C0009E656 /* MemeMeUITests */ = {
			isa = PBXGroup;
			children = (
				D110CA5B1C02AB4C0009E656 /* MemeMeUITests.swift */,
				D110CA5D1C02AB4C0009E656 /* Info.plist */,
			);
			path = MemeMeUITests;
			sourceTree = "<group>";
		};
		D110CA691C02C6DF0009E656 /* ViewController */ = {
			isa = PBXGroup;
			children = (
				D110CA3D1C02AB4C0009E656 /* EditViewController.swift */,
				D14645DF1C2E5DD80070251C /* SentMemesTableViewController.swift */,
				D14645E11C2E5E9E0070251C /* SentMemesCollectionViewController.swift */,
				D14645E31C2E68050070251C /* MemeTableViewCell.swift */,
				D14645E51C2E68150070251C /* MemeCollectionViewCell.swift */,
			);
			name = ViewController;
			sourceTree = "<group>";
		};
		D110CA6A1C02C6EA0009E656 /* Interface */ = {
			isa = PBXGroup;
			children = (
				D110CA3F1C02AB4C0009E656 /* Main.storyboard */,
				D110CA421C02AB4C0009E656 /* Assets.xcassets */,
				D110CA441C02AB4C0009E656 /* LaunchScreen.storyboard */,
			);
			name = Interface;
			sourceTree = "<group>";
		};
		D110CA6B1C02C6FC0009E656 /* Models */ = {
			isa = PBXGroup;
			children = (
				D110CA6C1C02C7100009E656 /* Meme.swift */,
			);
			name = Models;
			sourceTree = "<group>";
		};
/* End PBXGroup section */

/* Begin PBXNativeTarget section */
		D110CA371C02AB4C0009E656 /* MemeMe */ = {
			isa = PBXNativeTarget;
			buildConfigurationList = D110CA601C02AB4C0009E656 /* Build configuration list for PBXNativeTarget "MemeMe" */;
			buildPhases = (
				D110CA341C02AB4C0009E656 /* Sources */,
				D110CA351C02AB4C0009E656 /* Frameworks */,
				D110CA361C02AB4C0009E656 /* Resources */,
			);
			buildRules = (
			);
			dependencies = (
			);
			name = MemeMe;
			productName = MemeMe;
			productReference = D110CA381C02AB4C0009E656 /* MemeMe.app */;
			productType = "com.apple.product-type.application";
		};
		D110CA4B1C02AB4C0009E656 /* MemeMeTests */ = {
			isa = PBXNativeTarget;
			buildConfigurationList = D110CA631C02AB4C0009E656 /* Build configuration list for PBXNativeTarget "MemeMeTests" */;
			buildPhases = (
				D110CA481C02AB4C0009E656 /* Sources */,
				D110CA491C02AB4C0009E656 /* Frameworks */,
				D110CA4A1C02AB4C0009E656 /* Resources */,
			);
			buildRules = (
			);
			dependencies = (
				D110CA4E1C02AB4C0009E656 /* PBXTargetDependency */,
			);
			name = MemeMeTests;
			productName = MemeMeTests;
			productReference = D110CA4C1C02AB4C0009E656 /* MemeMeTests.xctest */;
			productType = "com.apple.product-type.bundle.unit-test";
		};
		D110CA561C02AB4C0009E656 /* MemeMeUITests */ = {
			isa = PBXNativeTarget;
			buildConfigurationList = D110CA661C02AB4C0009E656 /* Build configuration list for PBXNativeTarget "MemeMeUITests" */;
			buildPhases = (
				D110CA531C02AB4C0009E656 /* Sources */,
				D110CA541C02AB4C0009E656 /* Frameworks */,
				D110CA551C02AB4C0009E656 /* Resources */,
			);
			buildRules = (
			);
			dependencies = (
				D110CA591C02AB4C0009E656 /* PBXTargetDependency */,
			);
			name = MemeMeUITests;
			productName = MemeMeUITests;
			productReference = D110CA571C02AB4C0009E656 /* MemeMeUITests.xctest */;
			productType = "com.apple.product-type.bundle.ui-testing";
		};
/* End PBXNativeTarget section */

/* Begin PBXProject section */
		D110CA301C02AB4C0009E656 /* Project object */ = {
			isa = PBXProject;
			attributes = {
				LastSwiftUpdateCheck = 0710;
				LastUpgradeCheck = 0710;
				ORGANIZATIONNAME = "José Piñero";
				TargetAttributes = {
					D110CA371C02AB4C0009E656 = {
						CreatedOnToolsVersion = 7.1.1;
					};
					D110CA4B1C02AB4C0009E656 = {
						CreatedOnToolsVersion = 7.1.1;
						TestTargetID = D110CA371C02AB4C0009E656;
					};
					D110CA561C02AB4C0009E656 = {
						CreatedOnToolsVersion = 7.1.1;
						TestTargetID = D110CA371C02AB4C0009E656;
					};
				};
			};
			buildConfigurationList = D110CA331C02AB4C0009E656 /* Build configuration list for PBXProject "MemeMe" */;
			compatibilityVersion = "Xcode 3.2";
			developmentRegion = English;
			hasScannedForEncodings = 0;
			knownRegions = (
				en,
				Base,
			);
			mainGroup = D110CA2F1C02AB4C0009E656;
			productRefGroup = D110CA391C02AB4C0009E656 /* Products */;
			projectDirPath = "";
			projectRoot = "";
			targets = (
				D110CA371C02AB4C0009E656 /* MemeMe */,
				D110CA4B1C02AB4C0009E656 /* MemeMeTests */,
				D110CA561C02AB4C0009E656 /* MemeMeUITests */,
			);
		};
/* End PBXProject section */

/* Begin PBXResourcesBuildPhase section */
		D110CA361C02AB4C0009E656 /* Resources */ = {
			isa = PBXResourcesBuildPhase;
			buildActionMask = 2147483647;
			files = (
				D110CA461C02AB4C0009E656 /* LaunchScreen.storyboard in Resources */,
				D110CA431C02AB4C0009E656 /* Assets.xcassets in Resources */,
				D110CA411C02AB4C0009E656 /* Main.storyboard in Resources */,
			);
			runOnlyForDeploymentPostprocessing = 0;
		};
		D110CA4A1C02AB4C0009E656 /* Resources */ = {
			isa = PBXResourcesBuildPhase;
			buildActionMask = 2147483647;
			files = (
			);
			runOnlyForDeploymentPostprocessing = 0;
		};
		D110CA551C02AB4C0009E656 /* Resources */ = {
			isa = PBXResourcesBuildPhase;
			buildActionMask = 2147483647;
			files = (
			);
			runOnlyForDeploymentPostprocessing = 0;
		};
/* End PBXResourcesBuildPhase section */

/* Begin PBXSourcesBuildPhase section */
		D110CA341C02AB4C0009E656 /* Sources */ = {
			isa = PBXSourcesBuildPhase;
			buildActionMask = 2147483647;
			files = (
				D110CA6D1C02C7100009E656 /* Meme.swift in Sources */,
				D14645E01C2E5DD80070251C /* SentMemesTableViewController.swift in Sources */,
				D14645E21C2E5E9E0070251C /* SentMemesCollectionViewController.swift in Sources */,
				D14645E41C2E68050070251C /* MemeTableViewCell.swift in Sources */,
				D14645E61C2E68150070251C /* MemeCollectionViewCell.swift in Sources */,
				D110CA3E1C02AB4C0009E656 /* EditViewController.swift in Sources */,
				D110CA3C1C02AB4C0009E656 /* AppDelegate.swift in Sources */,
			);
			runOnlyForDeploymentPostprocessing = 0;
		};
		D110CA481C02AB4C0009E656 /* Sources */ = {
			isa = PBXSourcesBuildPhase;
			buildActionMask = 2147483647;
			files = (
				D110CA511C02AB4C0009E656 /* MemeMeTests.swift in Sources */,
			);
			runOnlyForDeploymentPostprocessing = 0;
		};
		D110CA531C02AB4C0009E656 /* Sources */ = {
			isa = PBXSourcesBuildPhase;
			buildActionMask = 2147483647;
			files = (
				D110CA5C1C02AB4C0009E656 /* MemeMeUITests.swift in Sources */,
			);
			runOnlyForDeploymentPostprocessing = 0;
		};
/* End PBXSourcesBuildPhase section */

/* Begin PBXTargetDependency section */
		D110CA4E1C02AB4C0009E656 /* PBXTargetDependency */ = {
			isa = PBXTargetDependency;
			target = D110CA371C02AB4C0009E656 /* MemeMe */;
			targetProxy = D110CA4D1C02AB4C0009E656 /* PBXContainerItemProxy */;
		};
		D110CA591C02AB4C0009E656 /* PBXTargetDependency */ = {
			isa = PBXTargetDependency;
			target = D110CA371C02AB4C0009E656 /* MemeMe */;
			targetProxy = D110CA581C02AB4C0009E656 /* PBXContainerItemProxy */;
		};
/* End PBXTargetDependency section */

/* Begin PBXVariantGroup section */
		D110CA3F1C02AB4C0009E656 /* Main.storyboard */ = {
			isa = PBXVariantGroup;
			children = (
				D110CA401C02AB4C0009E656 /* Base */,
			);
			name = Main.storyboard;
			sourceTree = "<group>";
		};
		D110CA441C02AB4C0009E656 /* LaunchScreen.storyboard */ = {
			isa = PBXVariantGroup;
			children = (
				D110CA451C02AB4C0009E656 /* Base */,
			);
			name = LaunchScreen.storyboard;
			sourceTree = "<group>";
		};
/* End PBXVariantGroup section */

/* Begin XCBuildConfiguration section */
		D110CA5E1C02AB4C0009E656 /* Debug */ = {
			isa = XCBuildConfiguration;
			buildSettings = {
				ALWAYS_SEARCH_USER_PATHS = NO;
				CLANG_CXX_LANGUAGE_STANDARD = "gnu++0x";
				CLANG_CXX_LIBRARY = "libc++";
				CLANG_ENABLE_MODULES = YES;
				CLANG_ENABLE_OBJC_ARC = YES;
				CLANG_WARN_BOOL_CONVERSION = YES;
				CLANG_WARN_CONSTANT_CONVERSION = YES;
				CLANG_WARN_DIRECT_OBJC_ISA_USAGE = YES_ERROR;
				CLANG_WARN_EMPTY_BODY = YES;
				CLANG_WARN_ENUM_CONVERSION = YES;
				CLANG_WARN_INT_CONVERSION = YES;
				CLANG_WARN_OBJC_ROOT_CLASS = YES_ERROR;
				CLANG_WARN_UNREACHABLE_CODE = YES;
				CLANG_WARN__DUPLICATE_METHOD_MATCH = YES;
				"CODE_SIGN_IDENTITY[sdk=iphoneos*]" = "iPhone Developer";
				COPY_PHASE_STRIP = NO;
				DEBUG_INFORMATION_FORMAT = dwarf;
				ENABLE_STRICT_OBJC_MSGSEND = YES;
				ENABLE_TESTABILITY = YES;
				GCC_C_LANGUAGE_STANDARD = gnu99;
				GCC_DYNAMIC_NO_PIC = NO;
				GCC_NO_COMMON_BLOCKS = YES;
				GCC_OPTIMIZATION_LEVEL = 0;
				GCC_PREPROCESSOR_DEFINITIONS = (
					"DEBUG=1",
					"$(inherited)",
				);
				GCC_WARN_64_TO_32_BIT_CONVERSION = YES;
				GCC_WARN_ABOUT_RETURN_TYPE = YES_ERROR;
				GCC_WARN_UNDECLARED_SELECTOR = YES;
				GCC_WARN_UNINITIALIZED_AUTOS = YES_AGGRESSIVE;
				GCC_WARN_UNUSED_FUNCTION = YES;
				GCC_WARN_UNUSED_VARIABLE = YES;
				IPHONEOS_DEPLOYMENT_TARGET = 9.1;
				MTL_ENABLE_DEBUG_INFO = YES;
				ONLY_ACTIVE_ARCH = YES;
				SDKROOT = iphoneos;
				SWIFT_OPTIMIZATION_LEVEL = "-Onone";
			};
			name = Debug;
		};
		D110CA5F1C02AB4C0009E656 /* Release */ = {
			isa = XCBuildConfiguration;
			buildSettings = {
				ALWAYS_SEARCH_USER_PATHS = NO;
				CLANG_CXX_LANGUAGE_STANDARD = "gnu++0x";
				CLANG_CXX_LIBRARY = "libc++";
				CLANG_ENABLE_MODULES = YES;
				CLANG_ENABLE_OBJC_ARC = YES;
				CLANG_WARN_BOOL_CONVERSION = YES;
				CLANG_WARN_CONSTANT_CONVERSION = YES;
				CLANG_WARN_DIRECT_OBJC_ISA_USAGE = YES_ERROR;
				CLANG_WARN_EMPTY_BODY = YES;
				CLANG_WARN_ENUM_CONVERSION = YES;
				CLANG_WARN_INT_CONVERSION = YES;
				CLANG_WARN_OBJC_ROOT_CLASS = YES_ERROR;
				CLANG_WARN_UNREACHABLE_CODE = YES;
				CLANG_WARN__DUPLICATE_METHOD_MATCH = YES;
				"CODE_SIGN_IDENTITY[sdk=iphoneos*]" = "iPhone Developer";
				COPY_PHASE_STRIP = NO;
				DEBUG_INFORMATION_FORMAT = "dwarf-with-dsym";
				ENABLE_NS_ASSERTIONS = NO;
				ENABLE_STRICT_OBJC_MSGSEND = YES;
				GCC_C_LANGUAGE_STANDARD = gnu99;
				GCC_NO_COMMON_BLOCKS = YES;
				GCC_WARN_64_TO_32_BIT_CONVERSION = YES;
				GCC_WARN_ABOUT_RETURN_TYPE = YES_ERROR;
				GCC_WARN_UNDECLARED_SELECTOR = YES;
				GCC_WARN_UNINITIALIZED_AUTOS = YES_AGGRESSIVE;
				GCC_WARN_UNUSED_FUNCTION = YES;
				GCC_WARN_UNUSED_VARIABLE = YES;
				IPHONEOS_DEPLOYMENT_TARGET = 9.1;
				MTL_ENABLE_DEBUG_INFO = NO;
				SDKROOT = iphoneos;
				VALIDATE_PRODUCT = YES;
			};
			name = Release;
		};
		D110CA611C02AB4C0009E656 /* Debug */ = {
			isa = XCBuildConfiguration;
			buildSettings = {
				ASSETCATALOG_COMPILER_APPICON_NAME = AppIcon;
				INFOPLIST_FILE = MemeMe/Info.plist;
				LD_RUNPATH_SEARCH_PATHS = "$(inherited) @executable_path/Frameworks";
				PRODUCT_BUNDLE_IDENTIFIER = com.josepinero.MemeMe;
				PRODUCT_NAME = "$(TARGET_NAME)";
			};
			name = Debug;
		};
		D110CA621C02AB4C0009E656 /* Release */ = {
			isa = XCBuildConfiguration;
			buildSettings = {
				ASSETCATALOG_COMPILER_APPICON_NAME = AppIcon;
				INFOPLIST_FILE = MemeMe/Info.plist;
				LD_RUNPATH_SEARCH_PATHS = "$(inherited) @executable_path/Frameworks";
				PRODUCT_BUNDLE_IDENTIFIER = com.josepinero.MemeMe;
				PRODUCT_NAME = "$(TARGET_NAME)";
			};
			name = Release;
		};
		D110CA641C02AB4C0009E656 /* Debug */ = {
			isa = XCBuildConfiguration;
			buildSettings = {
				BUNDLE_LOADER = "$(TEST_HOST)";
				INFOPLIST_FILE = MemeMeTests/Info.plist;
				LD_RUNPATH_SEARCH_PATHS = "$(inherited) @executable_path/Frameworks @loader_path/Frameworks";
				PRODUCT_BUNDLE_IDENTIFIER = com.josepinero.MemeMeTests;
				PRODUCT_NAME = "$(TARGET_NAME)";
				TEST_HOST = "$(BUILT_PRODUCTS_DIR)/MemeMe.app/MemeMe";
			};
			name = Debug;
		};
		D110CA651C02AB4C0009E656 /* Release */ = {
			isa = XCBuildConfiguration;
			buildSettings = {
				BUNDLE_LOADER = "$(TEST_HOST)";
				INFOPLIST_FILE = MemeMeTests/Info.plist;
				LD_RUNPATH_SEARCH_PATHS = "$(inherited) @executable_path/Frameworks @loader_path/Frameworks";
				PRODUCT_BUNDLE_IDENTIFIER = com.josepinero.MemeMeTests;
				PRODUCT_NAME = "$(TARGET_NAME)";
				TEST_HOST = "$(BUILT_PRODUCTS_DIR)/MemeMe.app/MemeMe";
			};
			name = Release;
		};
		D110CA671C02AB4C0009E656 /* Debug */ = {
			isa = XCBuildConfiguration;
			buildSettings = {
				INFOPLIST_FILE = MemeMeUITests/Info.plist;
				LD_RUNPATH_SEARCH_PATHS = "$(inherited) @executable_path/Frameworks @loader_path/Frameworks";
				PRODUCT_BUNDLE_IDENTIFIER = com.josepinero.MemeMeUITests;
				PRODUCT_NAME = "$(TARGET_NAME)";
				TEST_TARGET_NAME = MemeMe;
				USES_XCTRUNNER = YES;
			};
			name = Debug;
		};
		D110CA681C02AB4C0009E656 /* Release */ = {
			isa = XCBuildConfiguration;
			buildSettings = {
				INFOPLIST_FILE = MemeMeUITests/Info.plist;
				LD_RUNPATH_SEARCH_PATHS = "$(inherited) @executable_path/Frameworks @loader_path/Frameworks";
				PRODUCT_BUNDLE_IDENTIFIER = com.josepinero.MemeMeUITests;
				PRODUCT_NAME = "$(TARGET_NAME)";
				TEST_TARGET_NAME = MemeMe;
				USES_XCTRUNNER = YES;
			};
			name = Release;
		};
/* End XCBuildConfiguration section */

/* Begin XCConfigurationList section */
		D110CA331C02AB4C0009E656 /* Build configuration list for PBXProject "MemeMe" */ = {
			isa = XCConfigurationList;
			buildConfigurations = (
				D110CA5E1C02AB4C0009E656 /* Debug */,
				D110CA5F1C02AB4C0009E656 /* Release */,
			);
			defaultConfigurationIsVisible = 0;
			defaultConfigurationName = Release;
		};
		D110CA601C02AB4C0009E656 /* Build configuration list for PBXNativeTarget "MemeMe" */ = {
			isa = XCConfigurationList;
			buildConfigurations = (
				D110CA611C02AB4C0009E656 /* Debug */,
				D110CA621C02AB4C0009E656 /* Release */,
			);
			defaultConfigurationIsVisible = 0;
			defaultConfigurationName = Release;
		};
		D110CA631C02AB4C0009E656 /* Build configuration list for PBXNativeTarget "MemeMeTests" */ = {
			isa = XCConfigurationList;
			buildConfigurations = (
				D110CA641C02AB4C0009E656 /* Debug */,
				D110CA651C02AB4C0009E656 /* Release */,
			);
			defaultConfigurationIsVisible = 0;
			defaultConfigurationName = Release;
		};
		D110CA661C02AB4C0009E656 /* Build configuration list for PBXNativeTarget "MemeMeUITests" */ = {
			isa = XCConfigurationList;
			buildConfigurations = (
				D110CA671C02AB4C0009E656 /* Debug */,
				D110CA681C02AB4C0009E656 /* Release */,
			);
			defaultConfigurationIsVisible = 0;
			defaultConfigurationName = Release;
		};
/* End XCConfigurationList section */
	};
	rootObject = D110CA301C02AB4C0009E656 /* Project object */;
}
